# pre-commit.ci does not allow network access, so we run this on github actions
name: Update uv.lock

on:
  pull_request:
  pull_request_target:
  push:
    branches: [develop]

jobs:
  pre-commit:
    runs-on: ubuntu-latest
    steps:
    - uses: actions/checkout@v4
      with:
        ref: ${{ github.head_ref }}
    - name: Install uv
      uses: astral-sh/setup-uv@v5
    - name: Update lock
      run: uv lock
    - uses: stefanzweifel/git-auto-commit-action@v5
      with:
        commit_message: Update uv lock file