{
  "name": "triangular",
  "version": "2.5.0",
  "dependencies": {
	  "gulp-angular-filesort": {
      "version": "1.1.1",
      "from": "https://registry.npmjs.org/gulp-angular-filesort/-/gulp-angular-filesort-1.1.1.tgz",
      "resolved": "https://registry.npmjs.org/gulp-angular-filesort/-/gulp-angular-filesort-1.1.1.tgz",
      "dependencies": {
        "gulp-util": {
          "version": "3.0.7",
          "from": "gulp-util@>=3.0.0 <4.0.0",
          "resolved": "https://registry.npmjs.org/gulp-util/-/gulp-util-3.0.7.tgz"
        },
        "event-stream": {
          "version": "3.3.4",
          "from": "event-stream@>=3.1.1 <4.0.0",
          "resolved": "https://registry.npmjs.org/event-stream/-/event-stream-3.3.4.tgz"
        },
        "ng-dependencies": {
          "version": "^0.3.0"
        },
        "toposort": {
          "version": "0.2.12",
          "from": "toposort@>=0.2.10 <0.3.0",
          "resolved": "https://registry.npmjs.org/toposort/-/toposort-0.2.12.tgz"
        }
      }
	}
  }
}